PODS:
  - AWSCore (2.27.0)
  - AWSS3 (2.27.0):
    - AWSCore (= 2.27.0)

DEPENDENCIES:
  - AWSCore
  - AWSS3

SPEC REPOS:
  trunk:
    - AWSCore
    - AWSS3

SPEC CHECKSUMS:
  AWSCore: d605449939e5b40704f11ff9f91f905f7d978589
  AWSS3: 6e349583add82363b27aaa2d9d582188c9110a17

PODFILE CHECKSUM: c0e8b183f81fb623e399f3244b15c360ef8f4db7

COCOAPODS: 1.11.2
