// !$*UTF8*$!
{
	archiveVersion = 1;
	classes = {
	};
	objectVersion = 46;
	objects = {

/* Begin PBXBuildFile section */
		0EC71023D8780D04F35688B0 /* Pods_HealthTrack_Uploader.framework in Frameworks */ = {isa = PBXBuildFile; fileRef = 36AF62545F39A49554B95717 /* Pods_HealthTrack_Uploader.framework */; };
		1A44691E279B692C00277142 /* BackgroundTask.swift in Sources */ = {isa = PBXBuildFile; fileRef = 1A44691D279B692C00277142 /* BackgroundTask.swift */; };
		1A489D6F279CDB1F003E7492 /* HealthTrack-Uploader-Info.plist in Resources */ = {isa = PBXBuildFile; fileRef = 1A489D6E279CDB1F003E7492 /* HealthTrack-Uploader-Info.plist */; };
		1A5532A7279B2280000380E0 /* AWSFileUpload.swift in Sources */ = {isa = PBXBuildFile; fileRef = 1A5532A6279B2280000380E0 /* AWSFileUpload.swift */; };
		1A57960627975F08002F10A5 /* AppUI.storyboard in Resources */ = {isa = PBXBuildFile; fileRef = 1A57960527975F08002F10A5 /* AppUI.storyboard */; };
		1AB76540279842AD001FE9CC /* HealthDataControler.swift in Sources */ = {isa = PBXBuildFile; fileRef = 1AB7653F279842AD001FE9CC /* HealthDataControler.swift */; };
		1AED6C6F2799C450008D7B31 /* DataUploadController.swift in Sources */ = {isa = PBXBuildFile; fileRef = 1AED6C6E2799C450008D7B31 /* DataUploadController.swift */; };
		1AED6C722799CD0E008D7B31 /* HealthTrack Uploader.xcdatamodeld in Sources */ = {isa = PBXBuildFile; fileRef = 1AED6C702799CD0E008D7B31 /* HealthTrack Uploader.xcdatamodeld */; };
		1AF4216D2797575E005A57B6 /* HealthTrack Uploader.swift in Sources */ = {isa = PBXBuildFile; fileRef = 1AF4216C2797575E005A57B6 /* HealthTrack Uploader.swift */; };
		1AF421712797575E005A57B6 /* Assets.xcassets in Resources */ = {isa = PBXBuildFile; fileRef = 1AF421702797575E005A57B6 /* Assets.xcassets */; };
		1AF421742797575E005A57B6 /* Preview Assets.xcassets in Resources */ = {isa = PBXBuildFile; fileRef = 1AF421732797575E005A57B6 /* Preview Assets.xcassets */; };
		1AF4217B2797579E005A57B6 /* HealthKit.framework in Frameworks */ = {isa = PBXBuildFile; fileRef = 1AF4217A2797579E005A57B6 /* HealthKit.framework */; };
		1AF4217C279758E3005A57B6 /* HealthKitWrapper.swift in Sources */ = {isa = PBXBuildFile; fileRef = AC8EABF11EAEA860002DD041 /* HealthKitWrapper.swift */; };
/* End PBXBuildFile section */

/* Begin PBXFileReference section */
		1A44691D279B692C00277142 /* BackgroundTask.swift */ = {isa = PBXFileReference; lastKnownFileType = sourcecode.swift; path = BackgroundTask.swift; sourceTree = "<group>"; };
		1A489D6E279CDB1F003E7492 /* HealthTrack-Uploader-Info.plist */ = {isa = PBXFileReference; fileEncoding = 4; lastKnownFileType = text.plist.xml; path = "HealthTrack-Uploader-Info.plist"; sourceTree = "<group>"; };
		1A5532A6279B2280000380E0 /* AWSFileUpload.swift */ = {isa = PBXFileReference; lastKnownFileType = sourcecode.swift; path = AWSFileUpload.swift; sourceTree = "<group>"; };
		1A57960527975F08002F10A5 /* AppUI.storyboard */ = {isa = PBXFileReference; lastKnownFileType = file.storyboard; path = AppUI.storyboard; sourceTree = "<group>"; };
		1AB7653F279842AD001FE9CC /* HealthDataControler.swift */ = {isa = PBXFileReference; lastKnownFileType = sourcecode.swift; path = HealthDataControler.swift; sourceTree = "<group>"; };
		1AED6C6E2799C450008D7B31 /* DataUploadController.swift */ = {isa = PBXFileReference; lastKnownFileType = sourcecode.swift; path = DataUploadController.swift; sourceTree = "<group>"; };
		1AED6C712799CD0E008D7B31 /* HealthTrack Uploader.xcdatamodel */ = {isa = PBXFileReference; lastKnownFileType = wrapper.xcdatamodel; path = "HealthTrack Uploader.xcdatamodel"; sourceTree = "<group>"; };
		1AF4216A2797575E005A57B6 /* HealthTrack Uploader.app */ = {isa = PBXFileReference; explicitFileType = wrapper.application; includeInIndex = 0; path = "HealthTrack Uploader.app"; sourceTree = BUILT_PRODUCTS_DIR; };
		1AF4216C2797575E005A57B6 /* HealthTrack Uploader.swift */ = {isa = PBXFileReference; lastKnownFileType = sourcecode.swift; path = "HealthTrack Uploader.swift"; sourceTree = "<group>"; };
		1AF421702797575E005A57B6 /* Assets.xcassets */ = {isa = PBXFileReference; lastKnownFileType = folder.assetcatalog; path = Assets.xcassets; sourceTree = "<group>"; };
		1AF421732797575E005A57B6 /* Preview Assets.xcassets */ = {isa = PBXFileReference; lastKnownFileType = folder.assetcatalog; path = "Preview Assets.xcassets"; sourceTree = "<group>"; };
		1AF421782797579E005A57B6 /* HealthTrack Uploader.entitlements */ = {isa = PBXFileReference; lastKnownFileType = text.plist.entitlements; path = "HealthTrack Uploader.entitlements"; sourceTree = "<group>"; };
		1AF4217A2797579E005A57B6 /* HealthKit.framework */ = {isa = PBXFileReference; lastKnownFileType = wrapper.framework; name = HealthKit.framework; path = System/Library/Frameworks/HealthKit.framework; sourceTree = SDKROOT; };
		222D5EDD6338701A0F766B70 /* Pods-HealthTrack Uploader.debug.xcconfig */ = {isa = PBXFileReference; includeInIndex = 1; lastKnownFileType = text.xcconfig; name = "Pods-HealthTrack Uploader.debug.xcconfig"; path = "Target Support Files/Pods-HealthTrack Uploader/Pods-HealthTrack Uploader.debug.xcconfig"; sourceTree = "<group>"; };
		36AF62545F39A49554B95717 /* Pods_HealthTrack_Uploader.framework */ = {isa = PBXFileReference; explicitFileType = wrapper.framework; includeInIndex = 0; path = Pods_HealthTrack_Uploader.framework; sourceTree = BUILT_PRODUCTS_DIR; };
		AC8EABF11EAEA860002DD041 /* HealthKitWrapper.swift */ = {isa = PBXFileReference; fileEncoding = 4; lastKnownFileType = sourcecode.swift; name = HealthKitWrapper.swift; path = "HealthTrack Uploader/Classes/HealthKitWrapper.swift"; sourceTree = SOURCE_ROOT; };
		D5A0C83D41FD4179C67320E4 /* Pods-HealthTrack Uploader.release.xcconfig */ = {isa = PBXFileReference; includeInIndex = 1; lastKnownFileType = text.xcconfig; name = "Pods-HealthTrack Uploader.release.xcconfig"; path = "Target Support Files/Pods-HealthTrack Uploader/Pods-HealthTrack Uploader.release.xcconfig"; sourceTree = "<group>"; };
/* End PBXFileReference section */

/* Begin PBXFrameworksBuildPhase section */
		1AF421672797575E005A57B6 /* Frameworks */ = {
			isa = PBXFrameworksBuildPhase;
			buildActionMask = 2147483647;
			files = (
				1AF4217B2797579E005A57B6 /* HealthKit.framework in Frameworks */,
				0EC71023D8780D04F35688B0 /* Pods_HealthTrack_Uploader.framework in Frameworks */,
			);
			runOnlyForDeploymentPostprocessing = 0;
		};
/* End PBXFrameworksBuildPhase section */

/* Begin PBXGroup section */
		1A57960427975E5C002F10A5 /* View Controllers */ = {
			isa = PBXGroup;
			children = (
				1AB7653F279842AD001FE9CC /* HealthDataControler.swift */,
				1AED6C6E2799C450008D7B31 /* DataUploadController.swift */,
			);
			path = "View Controllers";
			sourceTree = "<group>";
		};
		1AB7653E2798425C001FE9CC /* Views */ = {
			isa = PBXGroup;
			children = (
				1A57960527975F08002F10A5 /* AppUI.storyboard */,
			);
			path = Views;
			sourceTree = "<group>";
		};
		1AB7654127985EDF001FE9CC /* Classes */ = {
			isa = PBXGroup;
			children = (
				AC8EABF11EAEA860002DD041 /* HealthKitWrapper.swift */,
				1A5532A6279B2280000380E0 /* AWSFileUpload.swift */,
				1A44691D279B692C00277142 /* BackgroundTask.swift */,
			);
			path = Classes;
			sourceTree = "<group>";
		};
		1AF4216B2797575E005A57B6 /* HealthTrack Uploader */ = {
			isa = PBXGroup;
			children = (
				1AB7654127985EDF001FE9CC /* Classes */,
				1AB7653E2798425C001FE9CC /* Views */,
				1A57960427975E5C002F10A5 /* View Controllers */,
				1AF421782797579E005A57B6 /* HealthTrack Uploader.entitlements */,
				1AED6C702799CD0E008D7B31 /* HealthTrack Uploader.xcdatamodeld */,
				1AF4216C2797575E005A57B6 /* HealthTrack Uploader.swift */,
				1AF421702797575E005A57B6 /* Assets.xcassets */,
				1AF421722797575E005A57B6 /* Preview Content */,
			);
			path = "HealthTrack Uploader";
			sourceTree = "<group>";
		};
		1AF421722797575E005A57B6 /* Preview Content */ = {
			isa = PBXGroup;
			children = (
				1AF421732797575E005A57B6 /* Preview Assets.xcassets */,
			);
			path = "Preview Content";
			sourceTree = "<group>";
		};
		1AF421792797579E005A57B6 /* Frameworks */ = {
			isa = PBXGroup;
			children = (
				1AF4217A2797579E005A57B6 /* HealthKit.framework */,
				36AF62545F39A49554B95717 /* Pods_HealthTrack_Uploader.framework */,
			);
			name = Frameworks;
			sourceTree = "<group>";
		};
		AC1BA5031EAE5D2F00C99FE3 = {
			isa = PBXGroup;
			children = (
				1A489D6E279CDB1F003E7492 /* HealthTrack-Uploader-Info.plist */,
				1AF4216B2797575E005A57B6 /* HealthTrack Uploader */,
				AC1BA50D1EAE5D2F00C99FE3 /* Products */,
				1AF421792797579E005A57B6 /* Frameworks */,
				F38F7391317633D3B015E1A4 /* Pods */,
			);
			sourceTree = "<group>";
		};
		AC1BA50D1EAE5D2F00C99FE3 /* Products */ = {
			isa = PBXGroup;
			children = (
				1AF4216A2797575E005A57B6 /* HealthTrack Uploader.app */,
			);
			name = Products;
			sourceTree = "<group>";
		};
		F38F7391317633D3B015E1A4 /* Pods */ = {
			isa = PBXGroup;
			children = (
				222D5EDD6338701A0F766B70 /* Pods-HealthTrack Uploader.debug.xcconfig */,
				D5A0C83D41FD4179C67320E4 /* Pods-HealthTrack Uploader.release.xcconfig */,
			);
			path = Pods;
			sourceTree = "<group>";
		};
/* End PBXGroup section */

/* Begin PBXNativeTarget section */
		1AF421692797575E005A57B6 /* HealthTrack Uploader */ = {
			isa = PBXNativeTarget;
			buildConfigurationList = 1AF421752797575E005A57B6 /* Build configuration list for PBXNativeTarget "HealthTrack Uploader" */;
			buildPhases = (
				8FBB17AD8E333125FD5DFC86 /* [CP] Check Pods Manifest.lock */,
				1AF421662797575E005A57B6 /* Sources */,
				1AF421672797575E005A57B6 /* Frameworks */,
				1AF421682797575E005A57B6 /* Resources */,
				6D48232008772AD9A342D22E /* [CP] Embed Pods Frameworks */,
			);
			buildRules = (
			);
			dependencies = (
			);
			name = "HealthTrack Uploader";
			productName = "HealthTrack Uploader";
			productReference = 1AF4216A2797575E005A57B6 /* HealthTrack Uploader.app */;
			productType = "com.apple.product-type.application";
		};
/* End PBXNativeTarget section */

/* Begin PBXProject section */
		AC1BA5041EAE5D2F00C99FE3 /* Project object */ = {
			isa = PBXProject;
			attributes = {
				LastSwiftUpdateCheck = 1320;
				LastUpgradeCheck = 1320;
				ORGANIZATIONNAME = "Bottswana Media";
				TargetAttributes = {
					1AF421692797575E005A57B6 = {
						CreatedOnToolsVersion = 13.2.1;
						DevelopmentTeam = M6W465BV4T;
						ProvisioningStyle = Automatic;
					};
				};
			};
			buildConfigurationList = AC1BA5071EAE5D2F00C99FE3 /* Build configuration list for PBXProject "HealthTrack-Uploader" */;
			compatibilityVersion = "Xcode 3.2";
			developmentRegion = en;
			hasScannedForEncodings = 0;
			knownRegions = (
				en,
				Base,
			);
			mainGroup = AC1BA5031EAE5D2F00C99FE3;
			productRefGroup = AC1BA50D1EAE5D2F00C99FE3 /* Products */;
			projectDirPath = "";
			projectRoot = "";
			targets = (
				1AF421692797575E005A57B6 /* HealthTrack Uploader */,
			);
		};
/* End PBXProject section */

/* Begin PBXResourcesBuildPhase section */
		1AF421682797575E005A57B6 /* Resources */ = {
			isa = PBXResourcesBuildPhase;
			buildActionMask = 2147483647;
			files = (
				1A57960627975F08002F10A5 /* AppUI.storyboard in Resources */,
				1AF421742797575E005A57B6 /* Preview Assets.xcassets in Resources */,
				1A489D6F279CDB1F003E7492 /* HealthTrack-Uploader-Info.plist in Resources */,
				1AF421712797575E005A57B6 /* Assets.xcassets in Resources */,
			);
			runOnlyForDeploymentPostprocessing = 0;
		};
/* End PBXResourcesBuildPhase section */

/* Begin PBXShellScriptBuildPhase section */
		6D48232008772AD9A342D22E /* [CP] Embed Pods Frameworks */ = {
			isa = PBXShellScriptBuildPhase;
			buildActionMask = 2147483647;
			files = (
			);
			inputPaths = (
				"${PODS_ROOT}/Target Support Files/Pods-HealthTrack Uploader/Pods-HealthTrack Uploader-frameworks.sh",
				"${BUILT_PRODUCTS_DIR}/AWSCore/AWSCore.framework",
				"${BUILT_PRODUCTS_DIR}/AWSS3/AWSS3.framework",
			);
			name = "[CP] Embed Pods Frameworks";
			outputPaths = (
				"${TARGET_BUILD_DIR}/${FRAMEWORKS_FOLDER_PATH}/AWSCore.framework",
				"${TARGET_BUILD_DIR}/${FRAMEWORKS_FOLDER_PATH}/AWSS3.framework",
			);
			runOnlyForDeploymentPostprocessing = 0;
			shellPath = /bin/sh;
			shellScript = "\"${PODS_ROOT}/Target Support Files/Pods-HealthTrack Uploader/Pods-HealthTrack Uploader-frameworks.sh\"\n";
			showEnvVarsInLog = 0;
		};
		8FBB17AD8E333125FD5DFC86 /* [CP] Check Pods Manifest.lock */ = {
			isa = PBXShellScriptBuildPhase;
			buildActionMask = 2147483647;
			files = (
			);
			inputFileListPaths = (
			);
			inputPaths = (
				"${PODS_PODFILE_DIR_PATH}/Podfile.lock",
				"${PODS_ROOT}/Manifest.lock",
			);
			name = "[CP] Check Pods Manifest.lock";
			outputFileListPaths = (
			);
			outputPaths = (
				"$(DERIVED_FILE_DIR)/Pods-HealthTrack Uploader-checkManifestLockResult.txt",
			);
			runOnlyForDeploymentPostprocessing = 0;
			shellPath = /bin/sh;
			shellScript = "diff \"${PODS_PODFILE_DIR_PATH}/Podfile.lock\" \"${PODS_ROOT}/Manifest.lock\" > /dev/null\nif [ $? != 0 ] ; then\n    # print error to STDERR\n    echo \"error: The sandbox is not in sync with the Podfile.lock. Run 'pod install' or update your CocoaPods installation.\" >&2\n    exit 1\nfi\n# This output is used by Xcode 'outputs' to avoid re-running this script phase.\necho \"SUCCESS\" > \"${SCRIPT_OUTPUT_FILE_0}\"\n";
			showEnvVarsInLog = 0;
		};
/* End PBXShellScriptBuildPhase section */

/* Begin PBXSourcesBuildPhase section */
		1AF421662797575E005A57B6 /* Sources */ = {
			isa = PBXSourcesBuildPhase;
			buildActionMask = 2147483647;
			files = (
				1A44691E279B692C00277142 /* BackgroundTask.swift in Sources */,
				1AED6C6F2799C450008D7B31 /* DataUploadController.swift in Sources */,
				1AED6C722799CD0E008D7B31 /* HealthTrack Uploader.xcdatamodeld in Sources */,
				1A5532A7279B2280000380E0 /* AWSFileUpload.swift in Sources */,
				1AF4217C279758E3005A57B6 /* HealthKitWrapper.swift in Sources */,
				1AB76540279842AD001FE9CC /* HealthDataControler.swift in Sources */,
				1AF4216D2797575E005A57B6 /* HealthTrack Uploader.swift in Sources */,
			);
			runOnlyForDeploymentPostprocessing = 0;
		};
/* End PBXSourcesBuildPhase section */

/* Begin XCBuildConfiguration section */
		1AF421762797575E005A57B6 /* Debug */ = {
			isa = XCBuildConfiguration;
			baseConfigurationReference = 222D5EDD6338701A0F766B70 /* Pods-HealthTrack Uploader.debug.xcconfig */;
			buildSettings = {
				ASSETCATALOG_COMPILER_APPICON_NAME = AppIcon;
				ASSETCATALOG_COMPILER_GLOBAL_ACCENT_COLOR_NAME = AccentColor;
				CLANG_CXX_LANGUAGE_STANDARD = "gnu++17";
				CLANG_ENABLE_OBJC_WEAK = YES;
				CLANG_WARN_DEPRECATED_OBJC_IMPLEMENTATIONS = YES;
				CLANG_WARN_OBJC_IMPLICIT_RETAIN_SELF = YES;
				CLANG_WARN_QUOTED_INCLUDE_IN_FRAMEWORK_HEADER = "$(inherited)";
				CLANG_WARN_UNGUARDED_AVAILABILITY = YES_AGGRESSIVE;
				CODE_SIGN_ENTITLEMENTS = "HealthTrack Uploader/HealthTrack Uploader.entitlements";
				CODE_SIGN_STYLE = Automatic;
				CURRENT_PROJECT_VERSION = 1;
				DEVELOPMENT_ASSET_PATHS = "";
				DEVELOPMENT_TEAM = M6W465BV4T;
				ENABLE_PREVIEWS = NO;
				GCC_C_LANGUAGE_STANDARD = gnu11;
				GENERATE_INFOPLIST_FILE = YES;
				INFOPLIST_FILE = "HealthTrack-Uploader-Info.plist";
				INFOPLIST_KEY_CFBundleDisplayName = "HealthTrack Uploader";
				INFOPLIST_KEY_NSHealthShareUsageDescription = "HealthTrack Uploader needs to access basic health data to upload it to your chosen remote object store";
				INFOPLIST_KEY_UIApplicationSupportsIndirectInputEvents = YES;
				INFOPLIST_KEY_UILaunchStoryboardName = AppUI;
				INFOPLIST_KEY_UIMainStoryboardFile = AppUI;
				INFOPLIST_KEY_UISupportedInterfaceOrientations = UIInterfaceOrientationPortrait;
				INFOPLIST_KEY_UISupportedInterfaceOrientations_iPad = "UIInterfaceOrientationPortrait UIInterfaceOrientationPortraitUpsideDown UIInterfaceOrientationLandscapeLeft UIInterfaceOrientationLandscapeRight";
				INFOPLIST_KEY_UISupportedInterfaceOrientations_iPhone = "UIInterfaceOrientationPortrait UIInterfaceOrientationLandscapeLeft UIInterfaceOrientationLandscapeRight";
				IPHONEOS_DEPLOYMENT_TARGET = 15.0;
				LD_RUNPATH_SEARCH_PATHS = "$(inherited) @executable_path/Frameworks";
				MARKETING_VERSION = 1.0;
				MTL_ENABLE_DEBUG_INFO = INCLUDE_SOURCE;
				MTL_FAST_MATH = YES;
				PRODUCT_BUNDLE_IDENTIFIER = "com.bottswanamedia.HealthTrack-Uploader";
				PRODUCT_NAME = "$(TARGET_NAME)";
				SWIFT_EMIT_LOC_STRINGS = YES;
				SWIFT_VERSION = 5.0;
				TARGETED_DEVICE_FAMILY = "1,2";
			};
			name = Debug;
		};
		1AF421772797575E005A57B6 /* Release */ = {
			isa = XCBuildConfiguration;
			baseConfigurationReference = D5A0C83D41FD4179C67320E4 /* Pods-HealthTrack Uploader.release.xcconfig */;
			buildSettings = {
				ASSETCATALOG_COMPILER_APPICON_NAME = AppIcon;
				ASSETCATALOG_COMPILER_GLOBAL_ACCENT_COLOR_NAME = AccentColor;
				CLANG_CXX_LANGUAGE_STANDARD = "gnu++17";
				CLANG_ENABLE_OBJC_WEAK = YES;
				CLANG_WARN_DEPRECATED_OBJC_IMPLEMENTATIONS = YES;
				CLANG_WARN_OBJC_IMPLICIT_RETAIN_SELF = YES;
				CLANG_WARN_QUOTED_INCLUDE_IN_FRAMEWORK_HEADER = "$(inherited)";
				CLANG_WARN_UNGUARDED_AVAILABILITY = YES_AGGRESSIVE;
				CODE_SIGN_ENTITLEMENTS = "HealthTrack Uploader/HealthTrack Uploader.entitlements";
				CODE_SIGN_STYLE = Automatic;
				CURRENT_PROJECT_VERSION = 1;
				DEVELOPMENT_ASSET_PATHS = "";
				DEVELOPMENT_TEAM = M6W465BV4T;
				ENABLE_PREVIEWS = NO;
				GCC_C_LANGUAGE_STANDARD = gnu11;
				GENERATE_INFOPLIST_FILE = YES;
				INFOPLIST_FILE = "HealthTrack-Uploader-Info.plist";
				INFOPLIST_KEY_CFBundleDisplayName = "HealthTrack Uploader";
				INFOPLIST_KEY_NSHealthShareUsageDescription = "HealthTrack Uploader needs to access basic health data to upload it to your chosen remote object store";
				INFOPLIST_KEY_UIApplicationSupportsIndirectInputEvents = YES;
				INFOPLIST_KEY_UILaunchStoryboardName = AppUI;
				INFOPLIST_KEY_UIMainStoryboardFile = AppUI;
				INFOPLIST_KEY_UISupportedInterfaceOrientations = UIInterfaceOrientationPortrait;
				INFOPLIST_KEY_UISupportedInterfaceOrientations_iPad = "UIInterfaceOrientationPortrait UIInterfaceOrientationPortraitUpsideDown UIInterfaceOrientationLandscapeLeft UIInterfaceOrientationLandscapeRight";
				INFOPLIST_KEY_UISupportedInterfaceOrientations_iPhone = "UIInterfaceOrientationPortrait UIInterfaceOrientationLandscapeLeft UIInterfaceOrientationLandscapeRight";
				IPHONEOS_DEPLOYMENT_TARGET = 15.0;
				LD_RUNPATH_SEARCH_PATHS = "$(inherited) @executable_path/Frameworks";
				MARKETING_VERSION = 1.0;
				MTL_FAST_MATH = YES;
				PRODUCT_BUNDLE_IDENTIFIER = "com.bottswanamedia.HealthTrack-Uploader";
				PRODUCT_NAME = "$(TARGET_NAME)";
				SWIFT_EMIT_LOC_STRINGS = YES;
				SWIFT_VERSION = 5.0;
				TARGETED_DEVICE_FAMILY = "1,2";
			};
			name = Release;
		};
		AC1BA51C1EAE5D2F00C99FE3 /* Debug */ = {
			isa = XCBuildConfiguration;
			buildSettings = {
				ALWAYS_SEARCH_USER_PATHS = NO;
				CLANG_ANALYZER_LOCALIZABILITY_NONLOCALIZED = YES;
				CLANG_ANALYZER_NONNULL = YES;
				CLANG_ANALYZER_NUMBER_OBJECT_CONVERSION = YES_AGGRESSIVE;
				CLANG_CXX_LANGUAGE_STANDARD = "gnu++0x";
				CLANG_CXX_LIBRARY = "libc++";
				CLANG_ENABLE_MODULES = YES;
				CLANG_ENABLE_OBJC_ARC = YES;
				CLANG_WARN_BLOCK_CAPTURE_AUTORELEASING = YES;
				CLANG_WARN_BOOL_CONVERSION = YES;
				CLANG_WARN_COMMA = YES;
				CLANG_WARN_CONSTANT_CONVERSION = YES;
				CLANG_WARN_DEPRECATED_OBJC_IMPLEMENTATIONS = YES;
				CLANG_WARN_DIRECT_OBJC_ISA_USAGE = YES_ERROR;
				CLANG_WARN_DOCUMENTATION_COMMENTS = YES;
				CLANG_WARN_EMPTY_BODY = YES;
				CLANG_WARN_ENUM_CONVERSION = YES;
				CLANG_WARN_INFINITE_RECURSION = YES;
				CLANG_WARN_INT_CONVERSION = YES;
				CLANG_WARN_NON_LITERAL_NULL_CONVERSION = YES;
				CLANG_WARN_OBJC_IMPLICIT_RETAIN_SELF = YES;
				CLANG_WARN_OBJC_LITERAL_CONVERSION = YES;
				CLANG_WARN_OBJC_ROOT_CLASS = YES_ERROR;
				CLANG_WARN_QUOTED_INCLUDE_IN_FRAMEWORK_HEADER = YES;
				CLANG_WARN_RANGE_LOOP_ANALYSIS = YES;
				CLANG_WARN_STRICT_PROTOTYPES = YES;
				CLANG_WARN_SUSPICIOUS_MOVE = YES;
				CLANG_WARN_UNREACHABLE_CODE = YES;
				CLANG_WARN__DUPLICATE_METHOD_MATCH = YES;
				"CODE_SIGN_IDENTITY[sdk=iphoneos*]" = "iPhone Developer";
				COPY_PHASE_STRIP = NO;
				DEBUG_INFORMATION_FORMAT = dwarf;
				ENABLE_STRICT_OBJC_MSGSEND = YES;
				ENABLE_TESTABILITY = YES;
				GCC_C_LANGUAGE_STANDARD = gnu99;
				GCC_DYNAMIC_NO_PIC = NO;
				GCC_NO_COMMON_BLOCKS = YES;
				GCC_OPTIMIZATION_LEVEL = 0;
				GCC_PREPROCESSOR_DEFINITIONS = (
					"DEBUG=1",
					"$(inherited)",
				);
				GCC_WARN_64_TO_32_BIT_CONVERSION = YES;
				GCC_WARN_ABOUT_RETURN_TYPE = YES_ERROR;
				GCC_WARN_UNDECLARED_SELECTOR = YES;
				GCC_WARN_UNINITIALIZED_AUTOS = YES_AGGRESSIVE;
				GCC_WARN_UNUSED_FUNCTION = YES;
				GCC_WARN_UNUSED_VARIABLE = YES;
				IPHONEOS_DEPLOYMENT_TARGET = 12.0;
				MTL_ENABLE_DEBUG_INFO = YES;
				ONLY_ACTIVE_ARCH = YES;
				SDKROOT = iphoneos;
				SWIFT_ACTIVE_COMPILATION_CONDITIONS = DEBUG;
				SWIFT_OPTIMIZATION_LEVEL = "-Onone";
				TARGETED_DEVICE_FAMILY = "1,2";
			};
			name = Debug;
		};
		AC1BA51D1EAE5D2F00C99FE3 /* Release */ = {
			isa = XCBuildConfiguration;
			buildSettings = {
				ALWAYS_SEARCH_USER_PATHS = NO;
				CLANG_ANALYZER_LOCALIZABILITY_NONLOCALIZED = YES;
				CLANG_ANALYZER_NONNULL = YES;
				CLANG_ANALYZER_NUMBER_OBJECT_CONVERSION = YES_AGGRESSIVE;
				CLANG_CXX_LANGUAGE_STANDARD = "gnu++0x";
				CLANG_CXX_LIBRARY = "libc++";
				CLANG_ENABLE_MODULES = YES;
				CLANG_ENABLE_OBJC_ARC = YES;
				CLANG_WARN_BLOCK_CAPTURE_AUTORELEASING = YES;
				CLANG_WARN_BOOL_CONVERSION = YES;
				CLANG_WARN_COMMA = YES;
				CLANG_WARN_CONSTANT_CONVERSION = YES;
				CLANG_WARN_DEPRECATED_OBJC_IMPLEMENTATIONS = YES;
				CLANG_WARN_DIRECT_OBJC_ISA_USAGE = YES_ERROR;
				CLANG_WARN_DOCUMENTATION_COMMENTS = YES;
				CLANG_WARN_EMPTY_BODY = YES;
				CLANG_WARN_ENUM_CONVERSION = YES;
				CLANG_WARN_INFINITE_RECURSION = YES;
				CLANG_WARN_INT_CONVERSION = YES;
				CLANG_WARN_NON_LITERAL_NULL_CONVERSION = YES;
				CLANG_WARN_OBJC_IMPLICIT_RETAIN_SELF = YES;
				CLANG_WARN_OBJC_LITERAL_CONVERSION = YES;
				CLANG_WARN_OBJC_ROOT_CLASS = YES_ERROR;
				CLANG_WARN_QUOTED_INCLUDE_IN_FRAMEWORK_HEADER = YES;
				CLANG_WARN_RANGE_LOOP_ANALYSIS = YES;
				CLANG_WARN_STRICT_PROTOTYPES = YES;
				CLANG_WARN_SUSPICIOUS_MOVE = YES;
				CLANG_WARN_UNREACHABLE_CODE = YES;
				CLANG_WARN__DUPLICATE_METHOD_MATCH = YES;
				"CODE_SIGN_IDENTITY[sdk=iphoneos*]" = "iPhone Developer";
				COPY_PHASE_STRIP = NO;
				DEBUG_INFORMATION_FORMAT = "dwarf-with-dsym";
				ENABLE_NS_ASSERTIONS = NO;
				ENABLE_STRICT_OBJC_MSGSEND = YES;
				GCC_C_LANGUAGE_STANDARD = gnu99;
				GCC_NO_COMMON_BLOCKS = YES;
				GCC_WARN_64_TO_32_BIT_CONVERSION = YES;
				GCC_WARN_ABOUT_RETURN_TYPE = YES_ERROR;
				GCC_WARN_UNDECLARED_SELECTOR = YES;
				GCC_WARN_UNINITIALIZED_AUTOS = YES_AGGRESSIVE;
				GCC_WARN_UNUSED_FUNCTION = YES;
				GCC_WARN_UNUSED_VARIABLE = YES;
				IPHONEOS_DEPLOYMENT_TARGET = 12.0;
				MTL_ENABLE_DEBUG_INFO = NO;
				SDKROOT = iphoneos;
				SWIFT_OPTIMIZATION_LEVEL = "-Owholemodule";
				TARGETED_DEVICE_FAMILY = "1,2";
				VALIDATE_PRODUCT = YES;
			};
			name = Release;
		};
/* End XCBuildConfiguration section */

/* Begin XCConfigurationList section */
		1AF421752797575E005A57B6 /* Build configuration list for PBXNativeTarget "HealthTrack Uploader" */ = {
			isa = XCConfigurationList;
			buildConfigurations = (
				1AF421762797575E005A57B6 /* Debug */,
				1AF421772797575E005A57B6 /* Release */,
			);
			defaultConfigurationIsVisible = 0;
			defaultConfigurationName = Release;
		};
		AC1BA5071EAE5D2F00C99FE3 /* Build configuration list for PBXProject "HealthTrack-Uploader" */ = {
			isa = XCConfigurationList;
			buildConfigurations = (
				AC1BA51C1EAE5D2F00C99FE3 /* Debug */,
				AC1BA51D1EAE5D2F00C99FE3 /* Release */,
			);
			defaultConfigurationIsVisible = 0;
			defaultConfigurationName = Release;
		};
/* End XCConfigurationList section */

/* Begin XCVersionGroup section */
		1AED6C702799CD0E008D7B31 /* HealthTrack Uploader.xcdatamodeld */ = {
			isa = XCVersionGroup;
			children = (
				1AED6C712799CD0E008D7B31 /* HealthTrack Uploader.xcdatamodel */,
			);
			currentVersion = 1AED6C712799CD0E008D7B31 /* HealthTrack Uploader.xcdatamodel */;
			path = "HealthTrack Uploader.xcdatamodeld";
			sourceTree = "<group>";
			versionGroupType = wrapper.xcdatamodel;
		};
/* End XCVersionGroup section */
	};
	rootObject = AC1BA5041EAE5D2F00C99FE3 /* Project object */;
}
